
Microsoft Visual Studio Solution File, Format Version 12.00
# Visual Studio Version 17
VisualStudioVersion = 17.0.32014.148
MinimumVisualStudioVersion = 10.0.40219.1
Project("{FAE04EC0-301F-11D3-BF4B-00C04F79EFBC}") = "Typhon", "Typhon.csproj", "{D10FE8DC-AEEC-4E6B-8124-57FD5E495CC8}"
EndProject
Global
	GlobalSection(SolutionConfigurationPlatforms) = preSolution
		Debug|Any CPU = Debug|Any CPU
		Release|Any CPU = Release|Any CPU
	EndGlobalSection
	GlobalSection(ProjectConfigurationPlatforms) = postSolution
		{D10FE8DC-AEEC-4E6B-8124-57FD5E495CC8}.Debug|Any CPU.ActiveCfg = Release|Any CPU
		{D10FE8DC-AEEC-4E6B-8124-57FD5E495CC8}.Debug|Any CPU.Build.0 = Release|Any CPU
		{D10FE8DC-AEEC-4E6B-8124-57FD5E495CC8}.Release|Any CPU.ActiveCfg = Release|Any CPU
		{D10FE8DC-AEEC-4E6B-8124-57FD5E495CC8}.Release|Any CPU.Build.0 = Release|Any CPU
	EndGlobalSection
	GlobalSection(SolutionProperties) = preSolution
		HideSolutionNode = FALSE
	EndGlobalSection
	GlobalSection(ExtensibilityGlobals) = postSolution
		SolutionGuid = {B488FB3F-FFB4-4D6D-BC65-3CF246565146}
	EndGlobalSection
EndGlobal
